lockfileVersion: '6.0'

settings:
  autoInstallPeers: true
  excludeLinksFromLockfile: false

dependencies:
  colors:
    specifier: ^1.4.0
    version: 1.4.0
  fy:
    specifier: github:hu2prod/fy
    version: github.com/hu2prod/fy/aadf340940d54f207f6e513e4b27cba1a14920b6
  lock_mixin:
    specifier: github:hu2prod/lock_mixin
    version: github.com/hu2prod/lock_mixin/84e6975cb70ceadf901c0cd1c8882573bb662ee3
  minimist:
    specifier: ^1.2.6
    version: 1.2.8
  prettyjson:
    specifier: ^1.2.5
    version: 1.2.5

packages:

  /colors@1.4.0:
    resolution: {integrity: sha512-a+UqTh4kgZg/SlGvfbzDHpgRu7AAQOmmqRHJnxhRZICKFUT91brVhNNt58CMWU9PsBbv3PDCZUHbVxuDiH2mtA==}
    engines: {node: '>=0.1.90'}
    dev: false

  /iced-coffee-script@108.0.14:
    resolution: {integrity: sha512-e0CNmz51UGWRa2glPnUMnJM7oKQE81cxeC0WAgCjJDRImv3FDHldZr/Ngkbrgdbf1drGGzYWp+PWeJwXIfHwDw==}
    engines: {node: '>=0.8.0'}
    hasBin: true
    dependencies:
      iced-runtime: 1.0.4
      uglify-js: 3.19.3
    dev: false

  /iced-runtime@1.0.4:
    resolution: {integrity: sha512-rgiJXNF6ZgF2Clh/TKUlBDW3q51YPDJUXmxGQXx1b8tbZpVpTn+1RX9q1sjNkujXIIaVxZByQzPHHORg7KV51g==}
    dev: false

  /minimist@1.2.8:
    resolution: {integrity: sha512-2yyAR8qBkN3YuheJanUpWC5U3bb5osDywNB8RzDVlDwDHbocAJveqqj1u8+SVD7jkWT4yvsHCpWqqWqAxb0zCA==}
    dev: false

  /prettyjson@1.2.5:
    resolution: {integrity: sha512-rksPWtoZb2ZpT5OVgtmy0KHVM+Dca3iVwWY9ifwhcexfjebtgjg3wmrUt9PvJ59XIYBcknQeYHD8IAnVlh9lAw==}
    hasBin: true
    dependencies:
      colors: 1.4.0
      minimist: 1.2.8
    dev: false

  /uglify-js@3.19.3:
    resolution: {integrity: sha512-v3Xu+yuwBXisp6QYTcH4UbH+xYJXqnq2m/LtQVWKWzYc1iehYnLixoQDN9FH6/j9/oybfd6W9Ghwkl8+UMKTKQ==}
    engines: {node: '>=0.8.0'}
    hasBin: true
    dev: false

  github.com/hu2prod/fy/aadf340940d54f207f6e513e4b27cba1a14920b6:
    resolution: {tarball: https://codeload.github.com/hu2prod/fy/tar.gz/aadf340940d54f207f6e513e4b27cba1a14920b6}
    name: fy
    version: 1.0.0
    requiresBuild: true
    dependencies:
      iced-coffee-script: 108.0.14
      prettyjson: github.com/hu2prod/prettyjson/c4b52923922b943d9c7ede2e34ef7ed85b3bef96
    dev: false

  github.com/hu2prod/lock_mixin/84e6975cb70ceadf901c0cd1c8882573bb662ee3:
    resolution: {tarball: https://codeload.github.com/hu2prod/lock_mixin/tar.gz/84e6975cb70ceadf901c0cd1c8882573bb662ee3}
    name: lock_mixin
    version: 1.0.0
    requiresBuild: true
    dev: false

  github.com/hu2prod/prettyjson/c4b52923922b943d9c7ede2e34ef7ed85b3bef96:
    resolution: {tarball: https://codeload.github.com/hu2prod/prettyjson/tar.gz/c4b52923922b943d9c7ede2e34ef7ed85b3bef96}
    name: prettyjson
    version: 1.2.1
    dependencies:
      colors: 1.4.0
    dev: false
